
Microsoft Visual Studio Solution File, Format Version 12.00
# Visual Studio Version 17
VisualStudioVersion = 17.13.35806.99 d17.13
MinimumVisualStudioVersion = 10.0.40219.1
Project("{54A90642-561A-4BB1-A94E-469ADEE60C69}") = "backend.client", "backend.client\backend.client.esproj", "{8EEDDF5E-D7C7-DC73-3616-2D4D8210DAC2}"
EndProject
Project("{FAE04EC0-301F-11D3-BF4B-00C04F79EFBC}") = "backend.Server", "backend.Server\backend.Server.csproj", "{04419FB7-B7EB-4851-B5AC-3717D7D16350}"
EndProject
Global
	GlobalSection(SolutionConfigurationPlatforms) = preSolution
		Debug|Any CPU = Debug|Any CPU
		Release|Any CPU = Release|Any CPU
	EndGlobalSection
	GlobalSection(ProjectConfigurationPlatforms) = postSolution
		{8EEDDF5E-D7C7-DC73-3616-2D4D8210DAC2}.Debug|Any CPU.ActiveCfg = Debug|Any CPU
		{8EEDDF5E-D7C7-DC73-3616-2D4D8210DAC2}.Debug|Any CPU.Build.0 = Debug|Any CPU
		{8EEDDF5E-D7C7-DC73-3616-2D4D8210DAC2}.Debug|Any CPU.Deploy.0 = Debug|Any CPU
		{8EEDDF5E-D7C7-DC73-3616-2D4D8210DAC2}.Release|Any CPU.ActiveCfg = Release|Any CPU
		{8EEDDF5E-D7C7-DC73-3616-2D4D8210DAC2}.Release|Any CPU.Build.0 = Release|Any CPU
		{8EEDDF5E-D7C7-DC73-3616-2D4D8210DAC2}.Release|Any CPU.Deploy.0 = Release|Any CPU
		{04419FB7-B7EB-4851-B5AC-3717D7D16350}.Debug|Any CPU.ActiveCfg = Debug|Any CPU
		{04419FB7-B7EB-4851-B5AC-3717D7D16350}.Debug|Any CPU.Build.0 = Debug|Any CPU
		{04419FB7-B7EB-4851-B5AC-3717D7D16350}.Release|Any CPU.ActiveCfg = Release|Any CPU
		{04419FB7-B7EB-4851-B5AC-3717D7D16350}.Release|Any CPU.Build.0 = Release|Any CPU
	EndGlobalSection
	GlobalSection(SolutionProperties) = preSolution
		HideSolutionNode = FALSE
	EndGlobalSection
	GlobalSection(ExtensibilityGlobals) = postSolution
		SolutionGuid = {1606392A-0F65-4C0F-8E08-973CB6BDB535}
	EndGlobalSection
EndGlobal
